{
  "name": "RizzKarDu-Bot",
  "version": "1.0.0",
  "description": "A Discord bot",
  "main": "index.js",
  "type": "commonjs",
  "scripts": {
    "start": "node index.js"
  },
  "dependencies": {
    "discord.js": "^14.14.1",
    "dotenv": "^17.2.3",
    "@discordjs/rest": "^2.0.1",
    "discord-api-types": "^0.37.65"
  }
}
